
Microsoft Visual Studio Solution File, Format Version 12.00
# Visual Studio Version 17
VisualStudioVersion = 17.14.36203.30 d17.14
MinimumVisualStudioVersion = 10.0.40219.1
Project("{FAE04EC0-301F-11D3-BF4B-00C04F79EFBC}") = "UrlShortenerService", "UrlShortenerService\UrlShortenerService.csproj", "{ABB47078-EDF8-481A-BB17-F337509156CF}"
EndProject
Global
	GlobalSection(SolutionConfigurationPlatforms) = preSolution
		Debug|Any CPU = Debug|Any CPU
		Release|Any CPU = Release|Any CPU
	EndGlobalSection
	GlobalSection(ProjectConfigurationPlatforms) = postSolution
		{ABB47078-EDF8-481A-BB17-F337509156CF}.Debug|Any CPU.ActiveCfg = Debug|Any CPU
		{ABB47078-EDF8-481A-BB17-F337509156CF}.Debug|Any CPU.Build.0 = Debug|Any CPU
		{ABB47078-EDF8-481A-BB17-F337509156CF}.Release|Any CPU.ActiveCfg = Release|Any CPU
		{ABB47078-EDF8-481A-BB17-F337509156CF}.Release|Any CPU.Build.0 = Release|Any CPU
	EndGlobalSection
	GlobalSection(SolutionProperties) = preSolution
		HideSolutionNode = FALSE
	EndGlobalSection
	GlobalSection(ExtensibilityGlobals) = postSolution
		SolutionGuid = {312B33BB-1FBE-48FE-A418-049A97F32256}
	EndGlobalSection
EndGlobal
